
Microsoft Visual Studio Solution File, Format Version 12.00
Project("{FAE04EC0-301F-11D3-BF4B-00C04F79EFBC}") = "ExtensionMethods", "ExtensionMethods\ExtensionMethods.csproj", "{EB27892A-599A-4335-AE7E-B44CD59C7A6D}"
EndProject
Global
	GlobalSection(SolutionConfigurationPlatforms) = preSolution
		Debug|Any CPU = Debug|Any CPU
		Release|Any CPU = Release|Any CPU
	EndGlobalSection
	GlobalSection(ProjectConfigurationPlatforms) = postSolution
		{EB27892A-599A-4335-AE7E-B44CD59C7A6D}.Debug|Any CPU.ActiveCfg = Debug|Any CPU
		{EB27892A-599A-4335-AE7E-B44CD59C7A6D}.Debug|Any CPU.Build.0 = Debug|Any CPU
		{EB27892A-599A-4335-AE7E-B44CD59C7A6D}.Release|Any CPU.ActiveCfg = Release|Any CPU
		{EB27892A-599A-4335-AE7E-B44CD59C7A6D}.Release|Any CPU.Build.0 = Release|Any CPU
	EndGlobalSection
EndGlobal
